// !$*UTF8*$!
{
	archiveVersion = 1;
	classes = {};
	objectVersion = 60;
	objects = {

/* Begin PBXBuildFile section */
		00000000000000000000012C /* BankOfSplunkApp.swift in Sources */ = {isa = PBXBuildFile; fileRef = 000000000000000000000064 /* BankOfSplunkApp.swift */; };
		00000000000000000000012D /* AppConfig.swift in Sources */ = {isa = PBXBuildFile; fileRef = 000000000000000000000065 /* AppConfig.swift */; };
		00000000000000000000012E /* KeychainStore.swift in Sources */ = {isa = PBXBuildFile; fileRef = 000000000000000000000066 /* KeychainStore.swift */; };
		00000000000000000000012F /* AuthStore.swift in Sources */ = {isa = PBXBuildFile; fileRef = 000000000000000000000067 /* AuthStore.swift */; };
		000000000000000000000130 /* APIClient.swift in Sources */ = {isa = PBXBuildFile; fileRef = 000000000000000000000068 /* APIClient.swift */; };
		000000000000000000000131 /* Models.swift in Sources */ = {isa = PBXBuildFile; fileRef = 000000000000000000000069 /* Models.swift */; };
		000000000000000000000132 /* KeyboardToolbar.swift in Sources */ = {isa = PBXBuildFile; fileRef = 00000000000000000000006A /* KeyboardToolbar.swift */; };
		000000000000000000000133 /* DXAViewModifiers.swift in Sources */ = {isa = PBXBuildFile; fileRef = 00000000000000000000006B /* DXAViewModifiers.swift */; };
		000000000000000000000134 /* AppColors.swift in Sources */ = {isa = PBXBuildFile; fileRef = 00000000000000000000006C /* AppColors.swift */; };
		000000000000000000000135 /* AppTypography.swift in Sources */ = {isa = PBXBuildFile; fileRef = 00000000000000000000006D /* AppTypography.swift */; };
		000000000000000000000136 /* AppShape.swift in Sources */ = {isa = PBXBuildFile; fileRef = 00000000000000000000006E /* AppShape.swift */; };
		000000000000000000000137 /* AppMotion.swift in Sources */ = {isa = PBXBuildFile; fileRef = 00000000000000000000006F /* AppMotion.swift */; };
		000000000000000000000138 /* M3Button.swift in Sources */ = {isa = PBXBuildFile; fileRef = 000000000000000000000070 /* M3Button.swift */; };
		000000000000000000000139 /* M3TextField.swift in Sources */ = {isa = PBXBuildFile; fileRef = 000000000000000000000071 /* M3TextField.swift */; };
		00000000000000000000013A /* M3Card.swift in Sources */ = {isa = PBXBuildFile; fileRef = 000000000000000000000072 /* M3Card.swift */; };
		00000000000000000000013B /* M3Banner.swift in Sources */ = {isa = PBXBuildFile; fileRef = 000000000000000000000073 /* M3Banner.swift */; };
		00000000000000000000013C /* M3TransactionRow.swift in Sources */ = {isa = PBXBuildFile; fileRef = 000000000000000000000074 /* M3TransactionRow.swift */; };
		00000000000000000000013D /* LoginView.swift in Sources */ = {isa = PBXBuildFile; fileRef = 000000000000000000000075 /* LoginView.swift */; };
		00000000000000000000013E /* SignupView.swift in Sources */ = {isa = PBXBuildFile; fileRef = 000000000000000000000076 /* SignupView.swift */; };
		00000000000000000000013F /* HomeView.swift in Sources */ = {isa = PBXBuildFile; fileRef = 000000000000000000000077 /* HomeView.swift */; };
		000000000000000000000140 /* DepositView.swift in Sources */ = {isa = PBXBuildFile; fileRef = 000000000000000000000078 /* DepositView.swift */; };
		000000000000000000000141 /* PaymentView.swift in Sources */ = {isa = PBXBuildFile; fileRef = 000000000000000000000079 /* PaymentView.swift */; };
		000000000000000000000142 /* TransactionListView.swift in Sources */ = {isa = PBXBuildFile; fileRef = 00000000000000000000007A /* TransactionListView.swift */; };
		000000000000000000000143 /* DXAIdentifiers.swift in Sources */ = {isa = PBXBuildFile; fileRef = 00000000000000000000007B /* DXAIdentifiers.swift */; };
		000000000000000000000144 /* BankRum.swift in Sources */ = {isa = PBXBuildFile; fileRef = 00000000000000000000007C /* BankRum.swift */; };
		000000000000000000000145 /* SplunkRUMConfiguration.swift in Sources */ = {isa = PBXBuildFile; fileRef = 00000000000000000000007D /* SplunkRUMConfiguration.swift */; };
		000000000000000000000190 /* Assets.xcassets in Resources */ = {isa = PBXBuildFile; fileRef = 000000000000000000000011 /* Assets.xcassets */; };
		000000000000000000000014 /* SplunkAgent in Frameworks */ = {isa = PBXBuildFile; productRef = 000000000000000000000013 /* SplunkAgent */; };
/* End PBXBuildFile section */

/* Begin PBXFileReference section */
		000000000000000000000006 /* BankOfSplunk.app */ = {isa = PBXFileReference; explicitFileType = wrapper.application; includeInIndex = 0; path = BankOfSplunk.app; sourceTree = BUILT_PRODUCTS_DIR; };
		000000000000000000000015 /* Debug.xcconfig */ = {isa = PBXFileReference; lastKnownFileType = text.xcconfig; path = Debug.xcconfig; sourceTree = "<group>"; };
		000000000000000000000016 /* Release.xcconfig */ = {isa = PBXFileReference; lastKnownFileType = text.xcconfig; path = Release.xcconfig; sourceTree = "<group>"; };
		000000000000000000000064 /* BankOfSplunkApp.swift */ = {isa = PBXFileReference; lastKnownFileType = sourcecode.swift; path = BankOfSplunkApp.swift; sourceTree = "<group>"; };
		000000000000000000000065 /* AppConfig.swift */ = {isa = PBXFileReference; lastKnownFileType = sourcecode.swift; path = AppConfig.swift; sourceTree = "<group>"; };
		000000000000000000000066 /* KeychainStore.swift */ = {isa = PBXFileReference; lastKnownFileType = sourcecode.swift; path = KeychainStore.swift; sourceTree = "<group>"; };
		000000000000000000000067 /* AuthStore.swift */ = {isa = PBXFileReference; lastKnownFileType = sourcecode.swift; path = AuthStore.swift; sourceTree = "<group>"; };
		000000000000000000000068 /* APIClient.swift */ = {isa = PBXFileReference; lastKnownFileType = sourcecode.swift; path = APIClient.swift; sourceTree = "<group>"; };
		000000000000000000000069 /* Models.swift */ = {isa = PBXFileReference; lastKnownFileType = sourcecode.swift; path = Models.swift; sourceTree = "<group>"; };
		00000000000000000000006A /* KeyboardToolbar.swift */ = {isa = PBXFileReference; lastKnownFileType = sourcecode.swift; path = KeyboardToolbar.swift; sourceTree = "<group>"; };
		00000000000000000000006B /* DXAViewModifiers.swift */ = {isa = PBXFileReference; lastKnownFileType = sourcecode.swift; path = DXAViewModifiers.swift; sourceTree = "<group>"; };
		00000000000000000000006C /* AppColors.swift */ = {isa = PBXFileReference; lastKnownFileType = sourcecode.swift; path = AppColors.swift; sourceTree = "<group>"; };
		00000000000000000000006D /* AppTypography.swift */ = {isa = PBXFileReference; lastKnownFileType = sourcecode.swift; path = AppTypography.swift; sourceTree = "<group>"; };
		00000000000000000000006E /* AppShape.swift */ = {isa = PBXFileReference; lastKnownFileType = sourcecode.swift; path = AppShape.swift; sourceTree = "<group>"; };
		00000000000000000000006F /* AppMotion.swift */ = {isa = PBXFileReference; lastKnownFileType = sourcecode.swift; path = AppMotion.swift; sourceTree = "<group>"; };
		000000000000000000000070 /* M3Button.swift */ = {isa = PBXFileReference; lastKnownFileType = sourcecode.swift; path = M3Button.swift; sourceTree = "<group>"; };
		000000000000000000000071 /* M3TextField.swift */ = {isa = PBXFileReference; lastKnownFileType = sourcecode.swift; path = M3TextField.swift; sourceTree = "<group>"; };
		000000000000000000000072 /* M3Card.swift */ = {isa = PBXFileReference; lastKnownFileType = sourcecode.swift; path = M3Card.swift; sourceTree = "<group>"; };
		000000000000000000000073 /* M3Banner.swift */ = {isa = PBXFileReference; lastKnownFileType = sourcecode.swift; path = M3Banner.swift; sourceTree = "<group>"; };
		000000000000000000000074 /* M3TransactionRow.swift */ = {isa = PBXFileReference; lastKnownFileType = sourcecode.swift; path = M3TransactionRow.swift; sourceTree = "<group>"; };
		000000000000000000000075 /* LoginView.swift */ = {isa = PBXFileReference; lastKnownFileType = sourcecode.swift; path = LoginView.swift; sourceTree = "<group>"; };
		000000000000000000000076 /* SignupView.swift */ = {isa = PBXFileReference; lastKnownFileType = sourcecode.swift; path = SignupView.swift; sourceTree = "<group>"; };
		000000000000000000000077 /* HomeView.swift */ = {isa = PBXFileReference; lastKnownFileType = sourcecode.swift; path = HomeView.swift; sourceTree = "<group>"; };
		000000000000000000000078 /* DepositView.swift */ = {isa = PBXFileReference; lastKnownFileType = sourcecode.swift; path = DepositView.swift; sourceTree = "<group>"; };
		000000000000000000000079 /* PaymentView.swift */ = {isa = PBXFileReference; lastKnownFileType = sourcecode.swift; path = PaymentView.swift; sourceTree = "<group>"; };
		00000000000000000000007A /* TransactionListView.swift */ = {isa = PBXFileReference; lastKnownFileType = sourcecode.swift; path = TransactionListView.swift; sourceTree = "<group>"; };
		00000000000000000000007B /* DXAIdentifiers.swift */ = {isa = PBXFileReference; lastKnownFileType = sourcecode.swift; path = DXAIdentifiers.swift; sourceTree = "<group>"; };
		00000000000000000000007C /* BankRum.swift */ = {isa = PBXFileReference; lastKnownFileType = sourcecode.swift; path = BankRum.swift; sourceTree = "<group>"; };
		00000000000000000000007D /* SplunkRUMConfiguration.swift */ = {isa = PBXFileReference; lastKnownFileType = sourcecode.swift; path = SplunkRUMConfiguration.swift; sourceTree = "<group>"; };
		000000000000000000000010 /* Info.plist */ = {isa = PBXFileReference; lastKnownFileType = text.plist.xml; path = Info.plist; sourceTree = "<group>"; };
		000000000000000000000011 /* Assets.xcassets */ = {isa = PBXFileReference; lastKnownFileType = folder.assetcatalog; path = Assets.xcassets; sourceTree = "<group>"; };
/* End PBXFileReference section */

/* Begin PBXFrameworksBuildPhase section */
		000000000000000000000005 /* Frameworks */ = {
			isa = PBXFrameworksBuildPhase;
			buildActionMask = 2147483647;
			files = (
				000000000000000000000014 /* SplunkAgent in Frameworks */,
			);
			runOnlyForDeploymentPostprocessing = 0;
		};
/* End PBXFrameworksBuildPhase section */

/* Begin PBXGroup section */
		000000000000000000000007 = {
			isa = PBXGroup;
			children = (
				0000000000000000000001F3 /* Config */,
				000000000000000000000009 /* BankOfSplunk */,
				000000000000000000000008 /* Products */,
			);
			sourceTree = "<group>";
		};
		0000000000000000000001F3 /* Config */ = {
			isa = PBXGroup;
			children = (
				000000000000000000000015 /* Debug.xcconfig */,
				000000000000000000000016 /* Release.xcconfig */,
			);
			path = Config;
			sourceTree = "<group>";
		};
		000000000000000000000008 /* Products */ = {
			isa = PBXGroup;
			children = (
				000000000000000000000006 /* BankOfSplunk.app */,
			);
			name = Products;
			sourceTree = "<group>";
		};
		000000000000000000000009 /* BankOfSplunk */ = {
			isa = PBXGroup;
			children = (
				0000000000000000000001F4 /* App */,
				0000000000000000000001F5 /* Core */,
				0000000000000000000001FD /* Features */,
				000000000000000000000204 /* Observability */,
				000000000000000000000205 /* Resources */,
				000000000000000000000010 /* Info.plist */,
			);
			path = BankOfSplunk;
			sourceTree = "<group>";
		};
		0000000000000000000001F4 /* App */ = {
			isa = PBXGroup;
			children = (
				000000000000000000000064 /* BankOfSplunkApp.swift */,
			);
			path = App;
			sourceTree = "<group>";
		};
		0000000000000000000001F5 /* Core */ = {
			isa = PBXGroup;
			children = (
				0000000000000000000001F7 /* Auth */,
				0000000000000000000001F6 /* Config */,
				0000000000000000000001F9 /* Models */,
				0000000000000000000001F8 /* Networking */,
				0000000000000000000001FA /* UI */,
			);
			path = Core;
			sourceTree = "<group>";
		};
		0000000000000000000001FD /* Features */ = {
			isa = PBXGroup;
			children = (
				000000000000000000000201 /* Deposit */,
				000000000000000000000200 /* Home */,
				0000000000000000000001FE /* Login */,
				000000000000000000000202 /* Payment */,
				0000000000000000000001FF /* Signup */,
				000000000000000000000203 /* Transactions */,
			);
			path = Features;
			sourceTree = "<group>";
		};
		000000000000000000000204 /* Observability */ = {
			isa = PBXGroup;
			children = (
				00000000000000000000007B /* DXAIdentifiers.swift */,
				00000000000000000000007C /* BankRum.swift */,
				00000000000000000000007D /* SplunkRUMConfiguration.swift */,
			);
			path = Observability;
			sourceTree = "<group>";
		};
		000000000000000000000205 /* Resources */ = {
			isa = PBXGroup;
			children = (
				000000000000000000000011 /* Assets.xcassets */,
			);
			path = Resources;
			sourceTree = "<group>";
		};
		0000000000000000000001F6 /* Config */ = {
			isa = PBXGroup;
			children = (
				000000000000000000000065 /* AppConfig.swift */,
			);
			path = Config;
			sourceTree = "<group>";
		};
		0000000000000000000001F7 /* Auth */ = {
			isa = PBXGroup;
			children = (
				000000000000000000000066 /* KeychainStore.swift */,
				000000000000000000000067 /* AuthStore.swift */,
			);
			path = Auth;
			sourceTree = "<group>";
		};
		0000000000000000000001F8 /* Networking */ = {
			isa = PBXGroup;
			children = (
				000000000000000000000068 /* APIClient.swift */,
			);
			path = Networking;
			sourceTree = "<group>";
		};
		0000000000000000000001F9 /* Models */ = {
			isa = PBXGroup;
			children = (
				000000000000000000000069 /* Models.swift */,
			);
			path = Models;
			sourceTree = "<group>";
		};
		0000000000000000000001FA /* UI */ = {
			isa = PBXGroup;
			children = (
				0000000000000000000001FC /* Components */,
				0000000000000000000001FB /* Theme */,
				00000000000000000000006A /* KeyboardToolbar.swift */,
				00000000000000000000006B /* DXAViewModifiers.swift */,
			);
			path = UI;
			sourceTree = "<group>";
		};
		0000000000000000000001FE /* Login */ = {
			isa = PBXGroup;
			children = (
				000000000000000000000075 /* LoginView.swift */,
			);
			path = Login;
			sourceTree = "<group>";
		};
		0000000000000000000001FF /* Signup */ = {
			isa = PBXGroup;
			children = (
				000000000000000000000076 /* SignupView.swift */,
			);
			path = Signup;
			sourceTree = "<group>";
		};
		000000000000000000000200 /* Home */ = {
			isa = PBXGroup;
			children = (
				000000000000000000000077 /* HomeView.swift */,
			);
			path = Home;
			sourceTree = "<group>";
		};
		000000000000000000000201 /* Deposit */ = {
			isa = PBXGroup;
			children = (
				000000000000000000000078 /* DepositView.swift */,
			);
			path = Deposit;
			sourceTree = "<group>";
		};
		000000000000000000000202 /* Payment */ = {
			isa = PBXGroup;
			children = (
				000000000000000000000079 /* PaymentView.swift */,
			);
			path = Payment;
			sourceTree = "<group>";
		};
		000000000000000000000203 /* Transactions */ = {
			isa = PBXGroup;
			children = (
				00000000000000000000007A /* TransactionListView.swift */,
			);
			path = Transactions;
			sourceTree = "<group>";
		};
		0000000000000000000001FB /* Theme */ = {
			isa = PBXGroup;
			children = (
				00000000000000000000006C /* AppColors.swift */,
				00000000000000000000006D /* AppTypography.swift */,
				00000000000000000000006E /* AppShape.swift */,
				00000000000000000000006F /* AppMotion.swift */,
			);
			path = Theme;
			sourceTree = "<group>";
		};
		0000000000000000000001FC /* Components */ = {
			isa = PBXGroup;
			children = (
				000000000000000000000070 /* M3Button.swift */,
				000000000000000000000071 /* M3TextField.swift */,
				000000000000000000000072 /* M3Card.swift */,
				000000000000000000000073 /* M3Banner.swift */,
				000000000000000000000074 /* M3TransactionRow.swift */,
			);
			path = Components;
			sourceTree = "<group>";
		};
/* End PBXGroup section */

/* Begin PBXNativeTarget section */
		000000000000000000000002 /* BankOfSplunk */ = {
			isa = PBXNativeTarget;
			buildConfigurationList = 00000000000000000000000B /* Build configuration list for PBXNativeTarget "BankOfSplunk" */;
			buildPhases = (
				000000000000000000000003 /* Sources */,
				000000000000000000000005 /* Frameworks */,
				000000000000000000000004 /* Resources */,
			);
			buildRules = ();
			dependencies = ();
			name = BankOfSplunk;
			packageProductDependencies = (000000000000000000000013 /* SplunkAgent */,);
			productName = BankOfSplunk;
			productReference = 000000000000000000000006 /* BankOfSplunk.app */;
			productType = "com.apple.product-type.application";
		};
/* End PBXNativeTarget section */

/* Begin PBXProject section */
		000000000000000000000001 /* Project object */ = {
			isa = PBXProject;
			attributes = {
				BuildIndependentTargetsInParallel = 1;
				LastSwiftUpdateCheck = 1500;
				LastUpgradeCheck = 1500;
			};
			buildConfigurationList = 00000000000000000000000A /* Build configuration list for PBXProject "BankOfSplunk" */;
			compatibilityVersion = "Xcode 14.0";
			developmentRegion = en;
			hasScannedForEncodings = 0;
			knownRegions = (en, Base);
			mainGroup = 000000000000000000000007;
			packageReferences = (000000000000000000000012 /* XCRemoteSwiftPackageReference "splunk-otel-ios" */,);
			productRefGroup = 000000000000000000000008 /* Products */;
			projectDirPath = "";
			projectRoot = "";
			targets = (
				000000000000000000000002 /* BankOfSplunk */,
			);
		};
/* End PBXProject section */

/* Begin PBXResourcesBuildPhase section */
		000000000000000000000004 /* Resources */ = {
			isa = PBXResourcesBuildPhase;
			buildActionMask = 2147483647;
			files = (
				000000000000000000000190 /* Assets.xcassets in Resources */,
			);
			runOnlyForDeploymentPostprocessing = 0;
		};
/* End PBXResourcesBuildPhase section */

/* Begin PBXSourcesBuildPhase section */
		000000000000000000000003 /* Sources */ = {
			isa = PBXSourcesBuildPhase;
			buildActionMask = 2147483647;
			files = (
				00000000000000000000012C /* BankOfSplunkApp.swift in Sources */,
				00000000000000000000012D /* AppConfig.swift in Sources */,
				00000000000000000000012E /* KeychainStore.swift in Sources */,
				00000000000000000000012F /* AuthStore.swift in Sources */,
				000000000000000000000130 /* APIClient.swift in Sources */,
				000000000000000000000131 /* Models.swift in Sources */,
				000000000000000000000132 /* KeyboardToolbar.swift in Sources */,
				000000000000000000000133 /* DXAViewModifiers.swift in Sources */,
				000000000000000000000134 /* AppColors.swift in Sources */,
				000000000000000000000135 /* AppTypography.swift in Sources */,
				000000000000000000000136 /* AppShape.swift in Sources */,
				000000000000000000000137 /* AppMotion.swift in Sources */,
				000000000000000000000138 /* M3Button.swift in Sources */,
				000000000000000000000139 /* M3TextField.swift in Sources */,
				00000000000000000000013A /* M3Card.swift in Sources */,
				00000000000000000000013B /* M3Banner.swift in Sources */,
				00000000000000000000013C /* M3TransactionRow.swift in Sources */,
				00000000000000000000013D /* LoginView.swift in Sources */,
				00000000000000000000013E /* SignupView.swift in Sources */,
				00000000000000000000013F /* HomeView.swift in Sources */,
				000000000000000000000140 /* DepositView.swift in Sources */,
				000000000000000000000141 /* PaymentView.swift in Sources */,
				000000000000000000000142 /* TransactionListView.swift in Sources */,
				000000000000000000000143 /* DXAIdentifiers.swift in Sources */,
				000000000000000000000144 /* BankRum.swift in Sources */,
				000000000000000000000145 /* SplunkRUMConfiguration.swift in Sources */,
			);
			runOnlyForDeploymentPostprocessing = 0;
		};
/* End PBXSourcesBuildPhase section */

/* Begin XCBuildConfiguration section */
		00000000000000000000000C /* Debug */ = {
			isa = XCBuildConfiguration;
			name = Debug;
			baseConfigurationReference = 000000000000000000000015 /* Debug.xcconfig */;
			buildSettings = {
				ALWAYS_SEARCH_USER_PATHS = NO;
				CLANG_ENABLE_MODULES = YES;
				COPY_PHASE_STRIP = NO;
				DEBUG_INFORMATION_FORMAT = dwarf;
				ENABLE_TESTABILITY = YES;
				IPHONEOS_DEPLOYMENT_TARGET = 16.0;
				MTL_ENABLE_DEBUG_INFO = INCLUDE_SOURCE;
				ONLY_ACTIVE_ARCH = YES;
				SDKROOT = iphoneos;
				SWIFT_ACTIVE_COMPILATION_CONDITIONS = "DEBUG $(inherited)";
				SWIFT_OPTIMIZATION_LEVEL = "-Onone";
			};
		};
		00000000000000000000000D /* Release */ = {
			isa = XCBuildConfiguration;
			name = Release;
			baseConfigurationReference = 000000000000000000000016 /* Release.xcconfig */;
			buildSettings = {
				ALWAYS_SEARCH_USER_PATHS = NO;
				CLANG_ENABLE_MODULES = YES;
				COPY_PHASE_STRIP = NO;
				DEBUG_INFORMATION_FORMAT = dwarf;
				ENABLE_TESTABILITY = NO;
				IPHONEOS_DEPLOYMENT_TARGET = 16.0;
				MTL_ENABLE_DEBUG_INFO = NO;
				ONLY_ACTIVE_ARCH = NO;
				SDKROOT = iphoneos;
				SWIFT_COMPILATION_MODE = wholemodule;
				SWIFT_OPTIMIZATION_LEVEL = "-O";
			};
		};
		00000000000000000000000E /* Debug */ = {
			isa = XCBuildConfiguration;
			name = Debug;
			baseConfigurationReference = 000000000000000000000015 /* Debug.xcconfig */;
			buildSettings = {
				ASSETCATALOG_COMPILER_APPICON_NAME = AppIcon;
				CODE_SIGN_STYLE = Automatic;
				CURRENT_PROJECT_VERSION = 1;
				GENERATE_INFOPLIST_FILE = NO;
				INFOPLIST_FILE = BankOfSplunk/Info.plist;
				LD_RUNPATH_SEARCH_PATHS = ("$(inherited)", "@executable_path/Frameworks");
				MARKETING_VERSION = 1.0;
				PRODUCT_BUNDLE_IDENTIFIER = com.splunk.bankofsplunk;
				PRODUCT_NAME = "$(TARGET_NAME)";
				SWIFT_EMIT_LOC_STRINGS = YES;
				SWIFT_VERSION = 5.0;
				TARGETED_DEVICE_FAMILY = "1,2";
			};
		};
		00000000000000000000000F /* Release */ = {
			isa = XCBuildConfiguration;
			name = Release;
			baseConfigurationReference = 000000000000000000000016 /* Release.xcconfig */;
			buildSettings = {
				ASSETCATALOG_COMPILER_APPICON_NAME = AppIcon;
				CODE_SIGN_STYLE = Automatic;
				CURRENT_PROJECT_VERSION = 1;
				GENERATE_INFOPLIST_FILE = NO;
				INFOPLIST_FILE = BankOfSplunk/Info.plist;
				LD_RUNPATH_SEARCH_PATHS = ("$(inherited)", "@executable_path/Frameworks");
				MARKETING_VERSION = 1.0;
				PRODUCT_BUNDLE_IDENTIFIER = com.splunk.bankofsplunk;
				PRODUCT_NAME = "$(TARGET_NAME)";
				SWIFT_EMIT_LOC_STRINGS = YES;
				SWIFT_VERSION = 5.0;
				TARGETED_DEVICE_FAMILY = "1,2";
			};
		};
/* End XCBuildConfiguration section */

/* Begin XCConfigurationList section */
		00000000000000000000000A /* Build configuration list for PBXProject "BankOfSplunk" */ = {
			isa = XCConfigurationList;
			buildConfigurations = (
				00000000000000000000000C /* Debug */,
				00000000000000000000000D /* Release */,
			);
			defaultConfigurationIsVisible = 0;
			defaultConfigurationName = Release;
		};
		00000000000000000000000B /* Build configuration list for PBXNativeTarget "BankOfSplunk" */ = {
			isa = XCConfigurationList;
			buildConfigurations = (
				00000000000000000000000E /* Debug */,
				00000000000000000000000F /* Release */,
			);
			defaultConfigurationIsVisible = 0;
			defaultConfigurationName = Release;
		};
/* End XCConfigurationList section */

/* Begin XCRemoteSwiftPackageReference section */
		000000000000000000000012 /* XCRemoteSwiftPackageReference "splunk-otel-ios" */ = {
			isa = XCRemoteSwiftPackageReference;
			repositoryURL = "https://github.com/signalfx/splunk-otel-ios";
			requirement = {
				kind = exactVersion;
				version = 2.2.3;
			};
		};
/* End XCRemoteSwiftPackageReference section */

/* Begin XCSwiftPackageProductDependency section */
		000000000000000000000013 /* SplunkAgent */ = {
			isa = XCSwiftPackageProductDependency;
			package = 000000000000000000000012 /* XCRemoteSwiftPackageReference "splunk-otel-ios" */;
			productName = SplunkAgent;
		};
/* End XCSwiftPackageProductDependency section */
	};
	rootObject = 000000000000000000000001 /* Project object */;
}
